{
  "name": "graphql-plugins",
  "version": "1.0.5",
  "lockfileVersion": 1,
  "requires": true,
  "dependencies": {
    "@types/graphql": {
      "version": "14.2.2",
      "resolved": "https://registry.npmjs.org/@types/graphql/-/graphql-14.2.2.tgz",
      "integrity": "sha512-okXbUmdZFMO3AYBEJCcpJFPFDkKmIiZZBqWD5TmPtAv+GHfjD2qLZEI0PvZ8IWMU4ozoK2HV2lDxWjw4LbVlnw==",
      "dev": true
    },
    "@types/node": {
      "version": "12.0.12",
      "resolved": "https://registry.npmjs.org/@types/node/-/node-12.0.12.tgz",
      "integrity": "sha512-Uy0PN4R5vgBUXFoJrKryf5aTk3kJ8Rv3PdlHjl6UaX+Cqp1QE0yPQ68MPXGrZOfG7gZVNDIJZYyot0B9ubXUrQ==",
      "dev": true
    },
    "graphql": {
      "version": "14.4.2",
      "resolved": "https://registry.npmjs.org/graphql/-/graphql-14.4.2.tgz",
      "integrity": "sha512-6uQadiRgnpnSS56hdZUSvFrVcQ6OF9y6wkxJfKquFtHlnl7+KSuWwSJsdwiK1vybm1HgcdbpGkCpvhvsVQ0UZQ==",
      "dev": true,
      "requires": {
        "iterall": "^1.2.2"
      }
    },
    "iterall": {
      "version": "1.2.2",
      "resolved": "https://registry.npmjs.org/iterall/-/iterall-1.2.2.tgz",
      "integrity": "sha512-yynBb1g+RFUPY64fTrFv7nsjRrENBQJaX2UL+2Szc9REFrSNm1rpSXHGzhmAy7a9uv3vlvgBlXnf9RqmPH1/DA==",
      "dev": true
    },
    "zox-plugins": {
      "version": "1.0.7",
      "resolved": "https://registry.npmjs.org/zox-plugins/-/zox-plugins-1.0.7.tgz",
      "integrity": "sha512-JLl3RyrLtOUNyRE54PvyXijarbP3BU+Iiv9Z3NNon4huKFqUC1VulcshjcRyb7ksDWKZmZCZsQfETIlE2eG26Q==",
      "dev": true
    }
  }
}
